
Microsoft Visual Studio Solution File, Format Version 12.00
# Visual Studio Version 17
VisualStudioVersion = 17.5.002.0
MinimumVisualStudioVersion = 10.0.40219.1
Project("{2150E333-8FDC-42A3-9474-1A3956D46DE8}") = "CsharpProjects", "CsharpProjects", "{CE59EF4F-039C-4798-8768-C73F2D0C1C97}"
EndProject
Project("{9A19103F-16F7-4668-BE54-9A1E7A4F7556}") = "TestProject", "CsharpProjects\TestProject\TestProject.csproj", "{8D1A9EB5-A921-4703-8FBE-5E1313D460B7}"
EndProject
Global
	GlobalSection(SolutionConfigurationPlatforms) = preSolution
		Debug|Any CPU = Debug|Any CPU
		Release|Any CPU = Release|Any CPU
	EndGlobalSection
	GlobalSection(ProjectConfigurationPlatforms) = postSolution
		{8D1A9EB5-A921-4703-8FBE-5E1313D460B7}.Debug|Any CPU.ActiveCfg = Debug|Any CPU
		{8D1A9EB5-A921-4703-8FBE-5E1313D460B7}.Debug|Any CPU.Build.0 = Debug|Any CPU
		{8D1A9EB5-A921-4703-8FBE-5E1313D460B7}.Release|Any CPU.ActiveCfg = Release|Any CPU
		{8D1A9EB5-A921-4703-8FBE-5E1313D460B7}.Release|Any CPU.Build.0 = Release|Any CPU
	EndGlobalSection
	GlobalSection(SolutionProperties) = preSolution
		HideSolutionNode = FALSE
	EndGlobalSection
	GlobalSection(NestedProjects) = preSolution
		{8D1A9EB5-A921-4703-8FBE-5E1313D460B7} = {CE59EF4F-039C-4798-8768-C73F2D0C1C97}
	EndGlobalSection
	GlobalSection(ExtensibilityGlobals) = postSolution
		SolutionGuid = {0292732D-CEB4-43BD-9625-3BD555AB7C0C}
	EndGlobalSection
EndGlobal
