
Microsoft Visual Studio Solution File, Format Version 12.00
# Visual Studio Version 17
VisualStudioVersion = 17.5.002.0
MinimumVisualStudioVersion = 10.0.40219.1
Project("{9A19103F-16F7-4668-BE54-9A1E7A4F7556}") = "Starter", "Starter\Starter.csproj", "{72DA7C33-3F81-4F88-A433-AA153A2FA58B}"
EndProject
Project("{9A19103F-16F7-4668-BE54-9A1E7A4F7556}") = "Final", "Final\Final.csproj", "{8D69C067-D4BD-4EEB-B80E-714850EDE91D}"
EndProject
Global
	GlobalSection(SolutionConfigurationPlatforms) = preSolution
		Debug|Any CPU = Debug|Any CPU
		Release|Any CPU = Release|Any CPU
	EndGlobalSection
	GlobalSection(ProjectConfigurationPlatforms) = postSolution
		{72DA7C33-3F81-4F88-A433-AA153A2FA58B}.Debug|Any CPU.ActiveCfg = Debug|Any CPU
		{72DA7C33-3F81-4F88-A433-AA153A2FA58B}.Debug|Any CPU.Build.0 = Debug|Any CPU
		{72DA7C33-3F81-4F88-A433-AA153A2FA58B}.Release|Any CPU.ActiveCfg = Release|Any CPU
		{72DA7C33-3F81-4F88-A433-AA153A2FA58B}.Release|Any CPU.Build.0 = Release|Any CPU
		{8D69C067-D4BD-4EEB-B80E-714850EDE91D}.Debug|Any CPU.ActiveCfg = Debug|Any CPU
		{8D69C067-D4BD-4EEB-B80E-714850EDE91D}.Debug|Any CPU.Build.0 = Debug|Any CPU
		{8D69C067-D4BD-4EEB-B80E-714850EDE91D}.Release|Any CPU.ActiveCfg = Release|Any CPU
		{8D69C067-D4BD-4EEB-B80E-714850EDE91D}.Release|Any CPU.Build.0 = Release|Any CPU
	EndGlobalSection
	GlobalSection(SolutionProperties) = preSolution
		HideSolutionNode = FALSE
	EndGlobalSection
	GlobalSection(ExtensibilityGlobals) = postSolution
		SolutionGuid = {21867987-B414-4123-8A35-C301483D6CD0}
	EndGlobalSection
EndGlobal
